
Microsoft Visual Studio Solution File, Format Version 12.00
# Visual Studio 14
VisualStudioVersion = 14.0.25420.1
MinimumVisualStudioVersion = 10.0.40219.1
Project("{FAE04EC0-301F-11D3-BF4B-00C04F79EFBC}") = "Web_MVC", "Web_MVC\Web_MVC.csproj", "{FBE489D7-C9AF-4D8A-8275-43A562B66BE3}"
EndProject
Project("{FAE04EC0-301F-11D3-BF4B-00C04F79EFBC}") = "Model", "Model\Model.csproj", "{FABE7D8E-4C52-4EA1-9A5E-51DCB1C69057}"
EndProject
Project("{FAE04EC0-301F-11D3-BF4B-00C04F79EFBC}") = "Common", "Common\Common.csproj", "{C5A6C0C5-00C7-4BCE-94ED-17EA0313E78A}"
EndProject
Global
	GlobalSection(SolutionConfigurationPlatforms) = preSolution
		Debug|Any CPU = Debug|Any CPU
		Release|Any CPU = Release|Any CPU
	EndGlobalSection
	GlobalSection(ProjectConfigurationPlatforms) = postSolution
		{FBE489D7-C9AF-4D8A-8275-43A562B66BE3}.Debug|Any CPU.ActiveCfg = Debug|Any CPU
		{FBE489D7-C9AF-4D8A-8275-43A562B66BE3}.Debug|Any CPU.Build.0 = Debug|Any CPU
		{FBE489D7-C9AF-4D8A-8275-43A562B66BE3}.Release|Any CPU.ActiveCfg = Release|Any CPU
		{FBE489D7-C9AF-4D8A-8275-43A562B66BE3}.Release|Any CPU.Build.0 = Release|Any CPU
		{FABE7D8E-4C52-4EA1-9A5E-51DCB1C69057}.Debug|Any CPU.ActiveCfg = Debug|Any CPU
		{FABE7D8E-4C52-4EA1-9A5E-51DCB1C69057}.Debug|Any CPU.Build.0 = Debug|Any CPU
		{FABE7D8E-4C52-4EA1-9A5E-51DCB1C69057}.Release|Any CPU.ActiveCfg = Release|Any CPU
		{FABE7D8E-4C52-4EA1-9A5E-51DCB1C69057}.Release|Any CPU.Build.0 = Release|Any CPU
		{C5A6C0C5-00C7-4BCE-94ED-17EA0313E78A}.Debug|Any CPU.ActiveCfg = Debug|Any CPU
		{C5A6C0C5-00C7-4BCE-94ED-17EA0313E78A}.Debug|Any CPU.Build.0 = Debug|Any CPU
		{C5A6C0C5-00C7-4BCE-94ED-17EA0313E78A}.Release|Any CPU.ActiveCfg = Release|Any CPU
		{C5A6C0C5-00C7-4BCE-94ED-17EA0313E78A}.Release|Any CPU.Build.0 = Release|Any CPU
	EndGlobalSection
	GlobalSection(SolutionProperties) = preSolution
		HideSolutionNode = FALSE
	EndGlobalSection
EndGlobal
